
Microsoft Visual Studio Solution File, Format Version 12.00
# Visual Studio 15
VisualStudioVersion = 15.0.28010.2050
MinimumVisualStudioVersion = 10.0.40219.1
Project("{FAE04EC0-301F-11D3-BF4B-00C04F79EFBC}") = "SinhvienXML", "SinhvienXML\SinhvienXML.csproj", "{71FAEEA2-E787-4688-856A-D7C64F87C049}"
EndProject
Global
	GlobalSection(SolutionConfigurationPlatforms) = preSolution
		Debug|Any CPU = Debug|Any CPU
		Release|Any CPU = Release|Any CPU
	EndGlobalSection
	GlobalSection(ProjectConfigurationPlatforms) = postSolution
		{71FAEEA2-E787-4688-856A-D7C64F87C049}.Debug|Any CPU.ActiveCfg = Debug|Any CPU
		{71FAEEA2-E787-4688-856A-D7C64F87C049}.Debug|Any CPU.Build.0 = Debug|Any CPU
		{71FAEEA2-E787-4688-856A-D7C64F87C049}.Release|Any CPU.ActiveCfg = Release|Any CPU
		{71FAEEA2-E787-4688-856A-D7C64F87C049}.Release|Any CPU.Build.0 = Release|Any CPU
	EndGlobalSection
	GlobalSection(SolutionProperties) = preSolution
		HideSolutionNode = FALSE
	EndGlobalSection
	GlobalSection(ExtensibilityGlobals) = postSolution
		SolutionGuid = {ECE32A04-05F8-43C7-A991-72D000F4BCF3}
	EndGlobalSection
EndGlobal
